
Microsoft Visual Studio Solution File, Format Version 12.00
Project("{FAE04EC0-301F-11D3-BF4B-00C04F79EFBC}") = "FibonacciSequence", "FibonacciSequence.csproj", "{FA576551-29C6-46D0-88AA-0350A9C88B24}"
EndProject
Global
	GlobalSection(SolutionConfigurationPlatforms) = preSolution
		Debug|Any CPU = Debug|Any CPU
		Release|Any CPU = Release|Any CPU
	EndGlobalSection
	GlobalSection(ProjectConfigurationPlatforms) = postSolution
		{FA576551-29C6-46D0-88AA-0350A9C88B24}.Debug|Any CPU.ActiveCfg = Debug|Any CPU
		{FA576551-29C6-46D0-88AA-0350A9C88B24}.Debug|Any CPU.Build.0 = Debug|Any CPU
		{FA576551-29C6-46D0-88AA-0350A9C88B24}.Release|Any CPU.ActiveCfg = Release|Any CPU
		{FA576551-29C6-46D0-88AA-0350A9C88B24}.Release|Any CPU.Build.0 = Release|Any CPU
	EndGlobalSection
EndGlobal
